// !$*UTF8*$!
{
	archiveVersion = 1;
	classes = {
	};
	objectVersion = 56;
	objects = {

/* Begin PBXBuildFile section */
		0C0487672B24C6AB00B2F6CF /* testApp.swift in Sources */ = {isa = PBXBuildFile; fileRef = 0C0487662B24C6AB00B2F6CF /* testApp.swift */; };
		0C0487692B24C6AB00B2F6CF /* ContentView.swift in Sources */ = {isa = PBXBuildFile; fileRef = 0C0487682B24C6AB00B2F6CF /* ContentView.swift */; };
		0C04876B2B24C6AC00B2F6CF /* Assets.xcassets in Resources */ = {isa = PBXBuildFile; fileRef = 0C04876A2B24C6AC00B2F6CF /* Assets.xcassets */; };
		0C04876E2B24C6AC00B2F6CF /* Preview Assets.xcassets in Resources */ = {isa = PBXBuildFile; fileRef = 0C04876D2B24C6AC00B2F6CF /* Preview Assets.xcassets */; };
		0C0487772B24C85100B2F6CF /* LastDroidGameScene.swift in Sources */ = {isa = PBXBuildFile; fileRef = 0C0487762B24C85100B2F6CF /* LastDroidGameScene.swift */; };
		0CFF65642B2DE583009198EA /* MainMenuView.swift in Sources */ = {isa = PBXBuildFile; fileRef = 0CFF65632B2DE583009198EA /* MainMenuView.swift */; };
		0CFF65682B2DE5C8009198EA /* Constants.swift in Sources */ = {isa = PBXBuildFile; fileRef = 0CFF65672B2DE5C8009198EA /* Constants.swift */; };
		0CFF656A2B2DE669009198EA /* LastDroidGameView.swift in Sources */ = {isa = PBXBuildFile; fileRef = 0CFF65692B2DE669009198EA /* LastDroidGameView.swift */; };
		0CFF656C2B2DE6A9009198EA /* GameOverScene.swift in Sources */ = {isa = PBXBuildFile; fileRef = 0CFF656B2B2DE6A9009198EA /* GameOverScene.swift */; };
		0CFF656F2B2DE6F4009198EA /* LastDroidGameLogic.swift in Sources */ = {isa = PBXBuildFile; fileRef = 0CFF656E2B2DE6F4009198EA /* LastDroidGameLogic.swift */; };
		0CFF65712B2DE72F009198EA /* GameOverView.swift in Sources */ = {isa = PBXBuildFile; fileRef = 0CFF65702B2DE72F009198EA /* GameOverView.swift */; };
		0CFF65732B2DE75D009198EA /* LeaderboardView.swift in Sources */ = {isa = PBXBuildFile; fileRef = 0CFF65722B2DE75D009198EA /* LeaderboardView.swift */; };
		0CFF65752B2F7393009198EA /* OnBoardingView.swift in Sources */ = {isa = PBXBuildFile; fileRef = 0CFF65742B2F7393009198EA /* OnBoardingView.swift */; };
		0CFF65772B2F74B0009198EA /* Model.swift in Sources */ = {isa = PBXBuildFile; fileRef = 0CFF65762B2F74B0009198EA /* Model.swift */; };
		B30D0BB52B2A50D8005D9EA6 /* AppleBullet.wav in Resources */ = {isa = PBXBuildFile; fileRef = B30D0BB42B2A50D8005D9EA6 /* AppleBullet.wav */; };
		B30D0BB72B2A50E2005D9EA6 /* AndroidLaser.wav in Resources */ = {isa = PBXBuildFile; fileRef = B30D0BB62B2A50E2005D9EA6 /* AndroidLaser.wav */; };
		B30D0BB92B2A50F0005D9EA6 /* BackgroundEffect.wav in Resources */ = {isa = PBXBuildFile; fileRef = B30D0BB82B2A50F0005D9EA6 /* BackgroundEffect.wav */; };
		B30D0BBD2B2A6B0B005D9EA6 /* BossLaser.wav in Resources */ = {isa = PBXBuildFile; fileRef = B30D0BBC2B2A6B0B005D9EA6 /* BossLaser.wav */; };
		B30ED6972B2A1F3100FDB6A4 /* PressStart2P.ttf in Resources */ = {isa = PBXBuildFile; fileRef = B30ED6962B2A1F3100FDB6A4 /* PressStart2P.ttf */; };
/* End PBXBuildFile section */

/* Begin PBXFileReference section */
		0C0487632B24C6AB00B2F6CF /* test.app */ = {isa = PBXFileReference; explicitFileType = wrapper.application; includeInIndex = 0; path = test.app; sourceTree = BUILT_PRODUCTS_DIR; };
		0C0487662B24C6AB00B2F6CF /* testApp.swift */ = {isa = PBXFileReference; lastKnownFileType = sourcecode.swift; path = testApp.swift; sourceTree = "<group>"; };
		0C0487682B24C6AB00B2F6CF /* ContentView.swift */ = {isa = PBXFileReference; lastKnownFileType = sourcecode.swift; path = ContentView.swift; sourceTree = "<group>"; };
		0C04876A2B24C6AC00B2F6CF /* Assets.xcassets */ = {isa = PBXFileReference; lastKnownFileType = folder.assetcatalog; path = Assets.xcassets; sourceTree = "<group>"; };
		0C04876D2B24C6AC00B2F6CF /* Preview Assets.xcassets */ = {isa = PBXFileReference; lastKnownFileType = folder.assetcatalog; path = "Preview Assets.xcassets"; sourceTree = "<group>"; };
		0C0487762B24C85100B2F6CF /* LastDroidGameScene.swift */ = {isa = PBXFileReference; lastKnownFileType = sourcecode.swift; path = LastDroidGameScene.swift; sourceTree = "<group>"; };
		0C4EA1BC2B28B16800D1FF31 /* Info.plist */ = {isa = PBXFileReference; lastKnownFileType = text.plist; path = Info.plist; sourceTree = "<group>"; };
		0CFF65632B2DE583009198EA /* MainMenuView.swift */ = {isa = PBXFileReference; lastKnownFileType = sourcecode.swift; path = MainMenuView.swift; sourceTree = "<group>"; };
		0CFF65672B2DE5C8009198EA /* Constants.swift */ = {isa = PBXFileReference; lastKnownFileType = sourcecode.swift; path = Constants.swift; sourceTree = "<group>"; };
		0CFF65692B2DE669009198EA /* LastDroidGameView.swift */ = {isa = PBXFileReference; lastKnownFileType = sourcecode.swift; path = LastDroidGameView.swift; sourceTree = "<group>"; };
		0CFF656B2B2DE6A9009198EA /* GameOverScene.swift */ = {isa = PBXFileReference; lastKnownFileType = sourcecode.swift; path = GameOverScene.swift; sourceTree = "<group>"; };
		0CFF656E2B2DE6F4009198EA /* LastDroidGameLogic.swift */ = {isa = PBXFileReference; lastKnownFileType = sourcecode.swift; path = LastDroidGameLogic.swift; sourceTree = "<group>"; };
		0CFF65702B2DE72F009198EA /* GameOverView.swift */ = {isa = PBXFileReference; lastKnownFileType = sourcecode.swift; path = GameOverView.swift; sourceTree = "<group>"; };
		0CFF65722B2DE75D009198EA /* LeaderboardView.swift */ = {isa = PBXFileReference; lastKnownFileType = sourcecode.swift; path = LeaderboardView.swift; sourceTree = "<group>"; };
		0CFF65742B2F7393009198EA /* OnBoardingView.swift */ = {isa = PBXFileReference; lastKnownFileType = sourcecode.swift; path = OnBoardingView.swift; sourceTree = "<group>"; };
		0CFF65762B2F74B0009198EA /* Model.swift */ = {isa = PBXFileReference; lastKnownFileType = sourcecode.swift; path = Model.swift; sourceTree = "<group>"; };
		B30D0BB42B2A50D8005D9EA6 /* AppleBullet.wav */ = {isa = PBXFileReference; lastKnownFileType = audio.wav; path = AppleBullet.wav; sourceTree = "<group>"; };
		B30D0BB62B2A50E2005D9EA6 /* AndroidLaser.wav */ = {isa = PBXFileReference; lastKnownFileType = audio.wav; path = AndroidLaser.wav; sourceTree = "<group>"; };
		B30D0BB82B2A50F0005D9EA6 /* BackgroundEffect.wav */ = {isa = PBXFileReference; lastKnownFileType = audio.wav; path = BackgroundEffect.wav; sourceTree = "<group>"; };
		B30D0BBC2B2A6B0B005D9EA6 /* BossLaser.wav */ = {isa = PBXFileReference; lastKnownFileType = audio.wav; path = BossLaser.wav; sourceTree = "<group>"; };
		B30ED6962B2A1F3100FDB6A4 /* PressStart2P.ttf */ = {isa = PBXFileReference; lastKnownFileType = file; path = PressStart2P.ttf; sourceTree = "<group>"; };
/* End PBXFileReference section */

/* Begin PBXFrameworksBuildPhase section */
		0C0487602B24C6AB00B2F6CF /* Frameworks */ = {
			isa = PBXFrameworksBuildPhase;
			buildActionMask = 2147483647;
			files = (
			);
			runOnlyForDeploymentPostprocessing = 0;
		};
/* End PBXFrameworksBuildPhase section */

/* Begin PBXGroup section */
		0C04875A2B24C6AB00B2F6CF = {
			isa = PBXGroup;
			children = (
				0C0487652B24C6AB00B2F6CF /* test */,
				0C0487642B24C6AB00B2F6CF /* Products */,
			);
			sourceTree = "<group>";
		};
		0C0487642B24C6AB00B2F6CF /* Products */ = {
			isa = PBXGroup;
			children = (
				0C0487632B24C6AB00B2F6CF /* test.app */,
			);
			name = Products;
			sourceTree = "<group>";
		};
		0C0487652B24C6AB00B2F6CF /* test */ = {
			isa = PBXGroup;
			children = (
				0C4EA1BC2B28B16800D1FF31 /* Info.plist */,
				0C0487662B24C6AB00B2F6CF /* testApp.swift */,
				0C0487682B24C6AB00B2F6CF /* ContentView.swift */,
				0CFF656D2B2DE6BE009198EA /* Game */,
				0CFF65622B2DE523009198EA /* Constants */,
				0C04876A2B24C6AC00B2F6CF /* Assets.xcassets */,
				B30D0BB12B2A4B33005D9EA6 /* Effects */,
				B30D0BB02B2A4ACD005D9EA6 /* Fonts */,
				0C04876C2B24C6AC00B2F6CF /* Preview Content */,
			);
			path = test;
			sourceTree = "<group>";
		};
		0C04876C2B24C6AC00B2F6CF /* Preview Content */ = {
			isa = PBXGroup;
			children = (
				0C04876D2B24C6AC00B2F6CF /* Preview Assets.xcassets */,
			);
			path = "Preview Content";
			sourceTree = "<group>";
		};
		0CFF65622B2DE523009198EA /* Constants */ = {
			isa = PBXGroup;
			children = (
				0CFF65632B2DE583009198EA /* MainMenuView.swift */,
				0CFF65672B2DE5C8009198EA /* Constants.swift */,
				0CFF65762B2F74B0009198EA /* Model.swift */,
			);
			path = Constants;
			sourceTree = "<group>";
		};
		0CFF656D2B2DE6BE009198EA /* Game */ = {
			isa = PBXGroup;
			children = (
				0CFF65692B2DE669009198EA /* LastDroidGameView.swift */,
				0C0487762B24C85100B2F6CF /* LastDroidGameScene.swift */,
				0CFF656B2B2DE6A9009198EA /* GameOverScene.swift */,
				0CFF656E2B2DE6F4009198EA /* LastDroidGameLogic.swift */,
				0CFF65702B2DE72F009198EA /* GameOverView.swift */,
				0CFF65722B2DE75D009198EA /* LeaderboardView.swift */,
				0CFF65742B2F7393009198EA /* OnBoardingView.swift */,
			);
			path = Game;
			sourceTree = "<group>";
		};
		B30D0BB02B2A4ACD005D9EA6 /* Fonts */ = {
			isa = PBXGroup;
			children = (
				B30ED6962B2A1F3100FDB6A4 /* PressStart2P.ttf */,
			);
			path = Fonts;
			sourceTree = "<group>";
		};
		B30D0BB12B2A4B33005D9EA6 /* Effects */ = {
			isa = PBXGroup;
			children = (
				B30D0BBC2B2A6B0B005D9EA6 /* BossLaser.wav */,
				B30D0BB82B2A50F0005D9EA6 /* BackgroundEffect.wav */,
				B30D0BB62B2A50E2005D9EA6 /* AndroidLaser.wav */,
				B30D0BB42B2A50D8005D9EA6 /* AppleBullet.wav */,
			);
			path = Effects;
			sourceTree = "<group>";
		};
/* End PBXGroup section */

/* Begin PBXNativeTarget section */
		0C0487622B24C6AB00B2F6CF /* test */ = {
			isa = PBXNativeTarget;
			buildConfigurationList = 0C0487712B24C6AC00B2F6CF /* Build configuration list for PBXNativeTarget "test" */;
			buildPhases = (
				0C04875F2B24C6AB00B2F6CF /* Sources */,
				0C0487602B24C6AB00B2F6CF /* Frameworks */,
				0C0487612B24C6AB00B2F6CF /* Resources */,
			);
			buildRules = (
			);
			dependencies = (
			);
			name = test;
			productName = test;
			productReference = 0C0487632B24C6AB00B2F6CF /* test.app */;
			productType = "com.apple.product-type.application";
		};
/* End PBXNativeTarget section */

/* Begin PBXProject section */
		0C04875B2B24C6AB00B2F6CF /* Project object */ = {
			isa = PBXProject;
			attributes = {
				BuildIndependentTargetsInParallel = 1;
				LastSwiftUpdateCheck = 1500;
				LastUpgradeCheck = 1500;
				TargetAttributes = {
					0C0487622B24C6AB00B2F6CF = {
						CreatedOnToolsVersion = 15.0.1;
					};
				};
			};
			buildConfigurationList = 0C04875E2B24C6AB00B2F6CF /* Build configuration list for PBXProject "test" */;
			compatibilityVersion = "Xcode 14.0";
			developmentRegion = en;
			hasScannedForEncodings = 0;
			knownRegions = (
				en,
				Base,
			);
			mainGroup = 0C04875A2B24C6AB00B2F6CF;
			productRefGroup = 0C0487642B24C6AB00B2F6CF /* Products */;
			projectDirPath = "";
			projectRoot = "";
			targets = (
				0C0487622B24C6AB00B2F6CF /* test */,
			);
		};
/* End PBXProject section */

/* Begin PBXResourcesBuildPhase section */
		0C0487612B24C6AB00B2F6CF /* Resources */ = {
			isa = PBXResourcesBuildPhase;
			buildActionMask = 2147483647;
			files = (
				B30ED6972B2A1F3100FDB6A4 /* PressStart2P.ttf in Resources */,
				B30D0BB92B2A50F0005D9EA6 /* BackgroundEffect.wav in Resources */,
				B30D0BBD2B2A6B0B005D9EA6 /* BossLaser.wav in Resources */,
				B30D0BB52B2A50D8005D9EA6 /* AppleBullet.wav in Resources */,
				0C04876E2B24C6AC00B2F6CF /* Preview Assets.xcassets in Resources */,
				B30D0BB72B2A50E2005D9EA6 /* AndroidLaser.wav in Resources */,
				0C04876B2B24C6AC00B2F6CF /* Assets.xcassets in Resources */,
			);
			runOnlyForDeploymentPostprocessing = 0;
		};
/* End PBXResourcesBuildPhase section */

/* Begin PBXSourcesBuildPhase section */
		0C04875F2B24C6AB00B2F6CF /* Sources */ = {
			isa = PBXSourcesBuildPhase;
			buildActionMask = 2147483647;
			files = (
				0CFF65732B2DE75D009198EA /* LeaderboardView.swift in Sources */,
				0CFF65682B2DE5C8009198EA /* Constants.swift in Sources */,
				0CFF656F2B2DE6F4009198EA /* LastDroidGameLogic.swift in Sources */,
				0CFF65772B2F74B0009198EA /* Model.swift in Sources */,
				0C0487772B24C85100B2F6CF /* LastDroidGameScene.swift in Sources */,
				0CFF656C2B2DE6A9009198EA /* GameOverScene.swift in Sources */,
				0CFF65752B2F7393009198EA /* OnBoardingView.swift in Sources */,
				0C0487692B24C6AB00B2F6CF /* ContentView.swift in Sources */,
				0CFF656A2B2DE669009198EA /* LastDroidGameView.swift in Sources */,
				0CFF65642B2DE583009198EA /* MainMenuView.swift in Sources */,
				0CFF65712B2DE72F009198EA /* GameOverView.swift in Sources */,
				0C0487672B24C6AB00B2F6CF /* testApp.swift in Sources */,
			);
			runOnlyForDeploymentPostprocessing = 0;
		};
/* End PBXSourcesBuildPhase section */

/* Begin XCBuildConfiguration section */
		0C04876F2B24C6AC00B2F6CF /* Debug */ = {
			isa = XCBuildConfiguration;
			buildSettings = {
				ALWAYS_SEARCH_USER_PATHS = NO;
				ASSETCATALOG_COMPILER_GENERATE_SWIFT_ASSET_SYMBOL_EXTENSIONS = YES;
				CLANG_ANALYZER_NONNULL = YES;
				CLANG_ANALYZER_NUMBER_OBJECT_CONVERSION = YES_AGGRESSIVE;
				CLANG_CXX_LANGUAGE_STANDARD = "gnu++20";
				CLANG_ENABLE_MODULES = YES;
				CLANG_ENABLE_OBJC_ARC = YES;
				CLANG_ENABLE_OBJC_WEAK = YES;
				CLANG_WARN_BLOCK_CAPTURE_AUTORELEASING = YES;
				CLANG_WARN_BOOL_CONVERSION = YES;
				CLANG_WARN_COMMA = YES;
				CLANG_WARN_CONSTANT_CONVERSION = YES;
				CLANG_WARN_DEPRECATED_OBJC_IMPLEMENTATIONS = YES;
				CLANG_WARN_DIRECT_OBJC_ISA_USAGE = YES_ERROR;
				CLANG_WARN_DOCUMENTATION_COMMENTS = YES;
				CLANG_WARN_EMPTY_BODY = YES;
				CLANG_WARN_ENUM_CONVERSION = YES;
				CLANG_WARN_INFINITE_RECURSION = YES;
				CLANG_WARN_INT_CONVERSION = YES;
				CLANG_WARN_NON_LITERAL_NULL_CONVERSION = YES;
				CLANG_WARN_OBJC_IMPLICIT_RETAIN_SELF = YES;
				CLANG_WARN_OBJC_LITERAL_CONVERSION = YES;
				CLANG_WARN_OBJC_ROOT_CLASS = YES_ERROR;
				CLANG_WARN_QUOTED_INCLUDE_IN_FRAMEWORK_HEADER = YES;
				CLANG_WARN_RANGE_LOOP_ANALYSIS = YES;
				CLANG_WARN_STRICT_PROTOTYPES = YES;
				CLANG_WARN_SUSPICIOUS_MOVE = YES;
				CLANG_WARN_UNGUARDED_AVAILABILITY = YES_AGGRESSIVE;
				CLANG_WARN_UNREACHABLE_CODE = YES;
				CLANG_WARN__DUPLICATE_METHOD_MATCH = YES;
				COPY_PHASE_STRIP = NO;
				DEBUG_INFORMATION_FORMAT = dwarf;
				ENABLE_STRICT_OBJC_MSGSEND = YES;
				ENABLE_TESTABILITY = YES;
				ENABLE_USER_SCRIPT_SANDBOXING = YES;
				GCC_C_LANGUAGE_STANDARD = gnu17;
				GCC_DYNAMIC_NO_PIC = NO;
				GCC_NO_COMMON_BLOCKS = YES;
				GCC_OPTIMIZATION_LEVEL = 0;
				GCC_PREPROCESSOR_DEFINITIONS = (
					"DEBUG=1",
					"$(inherited)",
				);
				GCC_WARN_64_TO_32_BIT_CONVERSION = YES;
				GCC_WARN_ABOUT_RETURN_TYPE = YES_ERROR;
				GCC_WARN_UNDECLARED_SELECTOR = YES;
				GCC_WARN_UNINITIALIZED_AUTOS = YES_AGGRESSIVE;
				GCC_WARN_UNUSED_FUNCTION = YES;
				GCC_WARN_UNUSED_VARIABLE = YES;
				IPHONEOS_DEPLOYMENT_TARGET = 17.0;
				LOCALIZATION_PREFERS_STRING_CATALOGS = YES;
				MTL_ENABLE_DEBUG_INFO = INCLUDE_SOURCE;
				MTL_FAST_MATH = YES;
				ONLY_ACTIVE_ARCH = YES;
				SDKROOT = iphoneos;
				SWIFT_ACTIVE_COMPILATION_CONDITIONS = "DEBUG $(inherited)";
				SWIFT_OPTIMIZATION_LEVEL = "-Onone";
			};
			name = Debug;
		};
		0C0487702B24C6AC00B2F6CF /* Release */ = {
			isa = XCBuildConfiguration;
			buildSettings = {
				ALWAYS_SEARCH_USER_PATHS = NO;
				ASSETCATALOG_COMPILER_GENERATE_SWIFT_ASSET_SYMBOL_EXTENSIONS = YES;
				CLANG_ANALYZER_NONNULL = YES;
				CLANG_ANALYZER_NUMBER_OBJECT_CONVERSION = YES_AGGRESSIVE;
				CLANG_CXX_LANGUAGE_STANDARD = "gnu++20";
				CLANG_ENABLE_MODULES = YES;
				CLANG_ENABLE_OBJC_ARC = YES;
				CLANG_ENABLE_OBJC_WEAK = YES;
				CLANG_WARN_BLOCK_CAPTURE_AUTORELEASING = YES;
				CLANG_WARN_BOOL_CONVERSION = YES;
				CLANG_WARN_COMMA = YES;
				CLANG_WARN_CONSTANT_CONVERSION = YES;
				CLANG_WARN_DEPRECATED_OBJC_IMPLEMENTATIONS = YES;
				CLANG_WARN_DIRECT_OBJC_ISA_USAGE = YES_ERROR;
				CLANG_WARN_DOCUMENTATION_COMMENTS = YES;
				CLANG_WARN_EMPTY_BODY = YES;
				CLANG_WARN_ENUM_CONVERSION = YES;
				CLANG_WARN_INFINITE_RECURSION = YES;
				CLANG_WARN_INT_CONVERSION = YES;
				CLANG_WARN_NON_LITERAL_NULL_CONVERSION = YES;
				CLANG_WARN_OBJC_IMPLICIT_RETAIN_SELF = YES;
				CLANG_WARN_OBJC_LITERAL_CONVERSION = YES;
				CLANG_WARN_OBJC_ROOT_CLASS = YES_ERROR;
				CLANG_WARN_QUOTED_INCLUDE_IN_FRAMEWORK_HEADER = YES;
				CLANG_WARN_RANGE_LOOP_ANALYSIS = YES;
				CLANG_WARN_STRICT_PROTOTYPES = YES;
				CLANG_WARN_SUSPICIOUS_MOVE = YES;
				CLANG_WARN_UNGUARDED_AVAILABILITY = YES_AGGRESSIVE;
				CLANG_WARN_UNREACHABLE_CODE = YES;
				CLANG_WARN__DUPLICATE_METHOD_MATCH = YES;
				COPY_PHASE_STRIP = NO;
				DEBUG_INFORMATION_FORMAT = "dwarf-with-dsym";
				ENABLE_NS_ASSERTIONS = NO;
				ENABLE_STRICT_OBJC_MSGSEND = YES;
				ENABLE_USER_SCRIPT_SANDBOXING = YES;
				GCC_C_LANGUAGE_STANDARD = gnu17;
				GCC_NO_COMMON_BLOCKS = YES;
				GCC_WARN_64_TO_32_BIT_CONVERSION = YES;
				GCC_WARN_ABOUT_RETURN_TYPE = YES_ERROR;
				GCC_WARN_UNDECLARED_SELECTOR = YES;
				GCC_WARN_UNINITIALIZED_AUTOS = YES_AGGRESSIVE;
				GCC_WARN_UNUSED_FUNCTION = YES;
				GCC_WARN_UNUSED_VARIABLE = YES;
				IPHONEOS_DEPLOYMENT_TARGET = 17.0;
				LOCALIZATION_PREFERS_STRING_CATALOGS = YES;
				MTL_ENABLE_DEBUG_INFO = NO;
				MTL_FAST_MATH = YES;
				SDKROOT = iphoneos;
				SWIFT_COMPILATION_MODE = wholemodule;
				VALIDATE_PRODUCT = YES;
			};
			name = Release;
		};
		0C0487722B24C6AC00B2F6CF /* Debug */ = {
			isa = XCBuildConfiguration;
			buildSettings = {
				ASSETCATALOG_COMPILER_APPICON_NAME = AppIcon;
				ASSETCATALOG_COMPILER_GLOBAL_ACCENT_COLOR_NAME = AccentColor;
				CODE_SIGN_STYLE = Automatic;
				CURRENT_PROJECT_VERSION = 1;
				DEVELOPMENT_ASSET_PATHS = "\"test/Preview Content\"";
				DEVELOPMENT_TEAM = W43ZB77Y6K;
				ENABLE_PREVIEWS = YES;
				GENERATE_INFOPLIST_FILE = YES;
				INFOPLIST_FILE = test/Info.plist;
				INFOPLIST_KEY_CFBundleDisplayName = "The Last Droids";
				INFOPLIST_KEY_UIApplicationSceneManifest_Generation = YES;
				INFOPLIST_KEY_UIApplicationSupportsIndirectInputEvents = YES;
				INFOPLIST_KEY_UILaunchScreen_Generation = YES;
				INFOPLIST_KEY_UISupportedInterfaceOrientations_iPad = "UIInterfaceOrientationPortrait UIInterfaceOrientationPortraitUpsideDown UIInterfaceOrientationLandscapeLeft UIInterfaceOrientationLandscapeRight";
				INFOPLIST_KEY_UISupportedInterfaceOrientations_iPhone = "UIInterfaceOrientationPortrait UIInterfaceOrientationLandscapeLeft UIInterfaceOrientationLandscapeRight";
				LD_RUNPATH_SEARCH_PATHS = (
					"$(inherited)",
					"@executable_path/Frameworks",
				);
				MARKETING_VERSION = 1.0;
				PRODUCT_BUNDLE_IDENTIFIER = com.ClaudioBorrelli.test;
				PRODUCT_NAME = "$(TARGET_NAME)";
				SWIFT_EMIT_LOC_STRINGS = YES;
				SWIFT_VERSION = 5.0;
				TARGETED_DEVICE_FAMILY = "1,2";
			};
			name = Debug;
		};
		0C0487732B24C6AC00B2F6CF /* Release */ = {
			isa = XCBuildConfiguration;
			buildSettings = {
				ASSETCATALOG_COMPILER_APPICON_NAME = AppIcon;
				ASSETCATALOG_COMPILER_GLOBAL_ACCENT_COLOR_NAME = AccentColor;
				CODE_SIGN_STYLE = Automatic;
				CURRENT_PROJECT_VERSION = 1;
				DEVELOPMENT_ASSET_PATHS = "\"test/Preview Content\"";
				DEVELOPMENT_TEAM = W43ZB77Y6K;
				ENABLE_PREVIEWS = YES;
				GENERATE_INFOPLIST_FILE = YES;
				INFOPLIST_FILE = test/Info.plist;
				INFOPLIST_KEY_CFBundleDisplayName = "The Last Droids";
				INFOPLIST_KEY_UIApplicationSceneManifest_Generation = YES;
				INFOPLIST_KEY_UIApplicationSupportsIndirectInputEvents = YES;
				INFOPLIST_KEY_UILaunchScreen_Generation = YES;
				INFOPLIST_KEY_UISupportedInterfaceOrientations_iPad = "UIInterfaceOrientationPortrait UIInterfaceOrientationPortraitUpsideDown UIInterfaceOrientationLandscapeLeft UIInterfaceOrientationLandscapeRight";
				INFOPLIST_KEY_UISupportedInterfaceOrientations_iPhone = "UIInterfaceOrientationPortrait UIInterfaceOrientationLandscapeLeft UIInterfaceOrientationLandscapeRight";
				LD_RUNPATH_SEARCH_PATHS = (
					"$(inherited)",
					"@executable_path/Frameworks",
				);
				MARKETING_VERSION = 1.0;
				PRODUCT_BUNDLE_IDENTIFIER = com.ClaudioBorrelli.test;
				PRODUCT_NAME = "$(TARGET_NAME)";
				SWIFT_EMIT_LOC_STRINGS = YES;
				SWIFT_VERSION = 5.0;
				TARGETED_DEVICE_FAMILY = "1,2";
			};
			name = Release;
		};
/* End XCBuildConfiguration section */

/* Begin XCConfigurationList section */
		0C04875E2B24C6AB00B2F6CF /* Build configuration list for PBXProject "test" */ = {
			isa = XCConfigurationList;
			buildConfigurations = (
				0C04876F2B24C6AC00B2F6CF /* Debug */,
				0C0487702B24C6AC00B2F6CF /* Release */,
			);
			defaultConfigurationIsVisible = 0;
			defaultConfigurationName = Release;
		};
		0C0487712B24C6AC00B2F6CF /* Build configuration list for PBXNativeTarget "test" */ = {
			isa = XCConfigurationList;
			buildConfigurations = (
				0C0487722B24C6AC00B2F6CF /* Debug */,
				0C0487732B24C6AC00B2F6CF /* Release */,
			);
			defaultConfigurationIsVisible = 0;
			defaultConfigurationName = Release;
		};
/* End XCConfigurationList section */
	};
	rootObject = 0C04875B2B24C6AB00B2F6CF /* Project object */;
}
